
Microsoft Visual Studio Solution File, Format Version 12.00
# Visual Studio Version 17
VisualStudioVersion = 17.11.35222.181
MinimumVisualStudioVersion = 10.0.40219.1
Project("{2150E333-8FDC-42A3-9474-1A3956D46DE8}") = "Task0", "Task0", "{5A5D5546-007D-422F-B264-FC4A8B8B8C6F}"
EndProject
Project("{9A19103F-16F7-4668-BE54-9A1E7A4F7556}") = "Tyuiu.SaigafarovBI.Sprint2.Task0.V3", "Tyuiu.SaigafarovBI.Sprint2.Task0.V3\Tyuiu.SaigafarovBI.Sprint2.Task0.V3.csproj", "{02394089-A77A-4B61-9B74-A5E0A11C1153}"
EndProject
Project("{9A19103F-16F7-4668-BE54-9A1E7A4F7556}") = "Tyuiu.SaigafarovBI.Sprint2.Task0.V3.Lib", "Tyuiu.SaigafarovBI.Sprint2.Task0.V3.Lib\Tyuiu.SaigafarovBI.Sprint2.Task0.V3.Lib.csproj", "{3974F435-70CA-446E-9424-147C2E4EC391}"
EndProject
Project("{9A19103F-16F7-4668-BE54-9A1E7A4F7556}") = "Tyuiu.SaigafarovBI.Sprint2.Task0.V3.Test", "Tyuiu.SaigafarovBI.Sprint2.Task0.V3.Test\Tyuiu.SaigafarovBI.Sprint2.Task0.V3.Test.csproj", "{2A91AC1E-D1EB-49BA-9A95-656D1A580B5D}"
EndProject
Project("{2150E333-8FDC-42A3-9474-1A3956D46DE8}") = "Task1", "Task1", "{1407B7CE-25D7-4089-A9DF-47E2042BB9CC}"
EndProject
Project("{9A19103F-16F7-4668-BE54-9A1E7A4F7556}") = "Tyuiu.SaigafarovBI.Sprint2.Task1.V13", "Tyuiu.SaigafarovBI.Sprint2.Task1.V13\Tyuiu.SaigafarovBI.Sprint2.Task1.V13.csproj", "{93D36955-AF0D-4415-BBC4-61A71F057527}"
EndProject
Project("{9A19103F-16F7-4668-BE54-9A1E7A4F7556}") = "Tyuiu.SaigafarovBI.Sprint2.Task1.V13.Lib", "Tyuiu.SaigafarovBI.Sprint2.Task1.V13.Lib\Tyuiu.SaigafarovBI.Sprint2.Task1.V13.Lib.csproj", "{CDAC4A07-C277-4BDB-95FF-944AD3C64831}"
EndProject
Project("{9A19103F-16F7-4668-BE54-9A1E7A4F7556}") = "Tyuiu.SaigafarovBI.Sprint2.Task1.V13.Test", "Tyuiu.SaigafarovBI.Sprint2.Task1.V13.Test\Tyuiu.SaigafarovBI.Sprint2.Task1.V13.Test.csproj", "{68EDB193-9B9D-4C75-8852-1A73356C021B}"
EndProject
Project("{2150E333-8FDC-42A3-9474-1A3956D46DE8}") = "Task2", "Task2", "{D73EE1D0-5253-4309-9C77-0F0897DE7511}"
EndProject
Project("{2150E333-8FDC-42A3-9474-1A3956D46DE8}") = "Task3", "Task3", "{78F5BD89-FE82-4756-80D2-EAB4EE256DA4}"
EndProject
Project("{2150E333-8FDC-42A3-9474-1A3956D46DE8}") = "Task4", "Task4", "{E55A4E57-5BF9-4F6C-8DD4-26EB0BAE6951}"
EndProject
Project("{2150E333-8FDC-42A3-9474-1A3956D46DE8}") = "Task5", "Task5", "{7BEA151A-A3B8-40D0-8FE5-C518D37D9AD4}"
EndProject
Project("{2150E333-8FDC-42A3-9474-1A3956D46DE8}") = "Task6", "Task6", "{EFCF9111-B48C-4EA4-992F-17F627656C16}"
EndProject
Project("{2150E333-8FDC-42A3-9474-1A3956D46DE8}") = "Task7", "Task7", "{F827B82A-8E95-4EA4-BFB1-37C9403811AD}"
EndProject
Project("{9A19103F-16F7-4668-BE54-9A1E7A4F7556}") = "Tyuiu.SaigafarovBI.Sprint2.Task2.V7", "Tyuiu.SaigafarovBI.Sprint2.Task2.V7\Tyuiu.SaigafarovBI.Sprint2.Task2.V7.csproj", "{C178D447-E6C3-483B-9DC1-AEAA45FBFED4}"
EndProject
Project("{9A19103F-16F7-4668-BE54-9A1E7A4F7556}") = "Tyuiu.SaigafarovBI.Sprint2.Task2.V7.Lib", "Tyuiu.SaigafarovBI.Sprint2.Task2.V7.Lib\Tyuiu.SaigafarovBI.Sprint2.Task2.V7.Lib.csproj", "{C1E6202B-CC8F-42B0-A6A5-01AE4DF625C1}"
EndProject
Project("{9A19103F-16F7-4668-BE54-9A1E7A4F7556}") = "Tyuiu.SaigafarovBI.Sprint2.Task2.V7.Test", "Tyuiu.SaigafarovBI.Sprint2.Task2.V7.Test\Tyuiu.SaigafarovBI.Sprint2.Task2.V7.Test.csproj", "{D5DA20BF-130C-4352-97FE-A56F78C1FC24}"
EndProject
Project("{9A19103F-16F7-4668-BE54-9A1E7A4F7556}") = "Tyuiu.SaigafarovBI.Sprint2.Task5.V9", "Tyuiu.SaigafarovBI.Sprint2.Task5.V9\Tyuiu.SaigafarovBI.Sprint2.Task5.V9.csproj", "{9D637553-7BB3-47DC-9704-150DB777B200}"
EndProject
Project("{9A19103F-16F7-4668-BE54-9A1E7A4F7556}") = "Tyuiu.SaigafarovBI.Sprint2.Task5.V9.Lib", "Tyuiu.SaigafarovBI.Sprint2.Task5.V9.Lib\Tyuiu.SaigafarovBI.Sprint2.Task5.V9.Lib.csproj", "{5DD3A70A-D489-4DE0-B974-CE4566F4AD4A}"
EndProject
Project("{9A19103F-16F7-4668-BE54-9A1E7A4F7556}") = "Tyuiu.SaigafarovBI.Sprint2.Task5.V9.Test", "Tyuiu.SaigafarovBI.Sprint2.Task5.V9.Test\Tyuiu.SaigafarovBI.Sprint2.Task5.V9.Test.csproj", "{67C41A7E-B853-4AD8-96E2-91CFBA8252C9}"
EndProject
Project("{FAE04EC0-301F-11D3-BF4B-00C04F79EFBC}") = "Tyuiu.SaigafarovBI.Sprint2.Task6.V11", "Tyuiu.SaigafarovBI.Sprint2.Task6.V11\Tyuiu.SaigafarovBI.Sprint2.Task6.V11.csproj", "{44847627-0BB8-46FE-95AF-00D1959C9112}"
EndProject
Project("{FAE04EC0-301F-11D3-BF4B-00C04F79EFBC}") = "Tyuiu.SaigafarovBI.Sprint2.Task6.V11.Lib", "Tyuiu.SaigafarovBI.Sprint2.Task6.V11.Lib\Tyuiu.SaigafarovBI.Sprint2.Task6.V11.Lib.csproj", "{03AB0E18-CE9F-4FC1-A80F-C69206CC0103}"
EndProject
Project("{FAE04EC0-301F-11D3-BF4B-00C04F79EFBC}") = "Tyuiu.SaigafarovBI.Sprint2.Task6.V11.Test", "Tyuiu.SaigafarovBI.Sprint2.Task6.V11.Test\Tyuiu.SaigafarovBI.Sprint2.Task6.V11.Test.csproj", "{FE8CB270-F23B-44A1-9126-2BA9C06681BD}"
EndProject
Global
	GlobalSection(SolutionConfigurationPlatforms) = preSolution
		Debug|Any CPU = Debug|Any CPU
		Release|Any CPU = Release|Any CPU
	EndGlobalSection
	GlobalSection(ProjectConfigurationPlatforms) = postSolution
		{02394089-A77A-4B61-9B74-A5E0A11C1153}.Debug|Any CPU.ActiveCfg = Debug|Any CPU
		{02394089-A77A-4B61-9B74-A5E0A11C1153}.Debug|Any CPU.Build.0 = Debug|Any CPU
		{02394089-A77A-4B61-9B74-A5E0A11C1153}.Release|Any CPU.ActiveCfg = Release|Any CPU
		{02394089-A77A-4B61-9B74-A5E0A11C1153}.Release|Any CPU.Build.0 = Release|Any CPU
		{3974F435-70CA-446E-9424-147C2E4EC391}.Debug|Any CPU.ActiveCfg = Debug|Any CPU
		{3974F435-70CA-446E-9424-147C2E4EC391}.Debug|Any CPU.Build.0 = Debug|Any CPU
		{3974F435-70CA-446E-9424-147C2E4EC391}.Release|Any CPU.ActiveCfg = Release|Any CPU
		{3974F435-70CA-446E-9424-147C2E4EC391}.Release|Any CPU.Build.0 = Release|Any CPU
		{2A91AC1E-D1EB-49BA-9A95-656D1A580B5D}.Debug|Any CPU.ActiveCfg = Debug|Any CPU
		{2A91AC1E-D1EB-49BA-9A95-656D1A580B5D}.Debug|Any CPU.Build.0 = Debug|Any CPU
		{2A91AC1E-D1EB-49BA-9A95-656D1A580B5D}.Release|Any CPU.ActiveCfg = Release|Any CPU
		{2A91AC1E-D1EB-49BA-9A95-656D1A580B5D}.Release|Any CPU.Build.0 = Release|Any CPU
		{93D36955-AF0D-4415-BBC4-61A71F057527}.Debug|Any CPU.ActiveCfg = Debug|Any CPU
		{93D36955-AF0D-4415-BBC4-61A71F057527}.Debug|Any CPU.Build.0 = Debug|Any CPU
		{93D36955-AF0D-4415-BBC4-61A71F057527}.Release|Any CPU.ActiveCfg = Release|Any CPU
		{93D36955-AF0D-4415-BBC4-61A71F057527}.Release|Any CPU.Build.0 = Release|Any CPU
		{CDAC4A07-C277-4BDB-95FF-944AD3C64831}.Debug|Any CPU.ActiveCfg = Debug|Any CPU
		{CDAC4A07-C277-4BDB-95FF-944AD3C64831}.Debug|Any CPU.Build.0 = Debug|Any CPU
		{CDAC4A07-C277-4BDB-95FF-944AD3C64831}.Release|Any CPU.ActiveCfg = Release|Any CPU
		{CDAC4A07-C277-4BDB-95FF-944AD3C64831}.Release|Any CPU.Build.0 = Release|Any CPU
		{68EDB193-9B9D-4C75-8852-1A73356C021B}.Debug|Any CPU.ActiveCfg = Debug|Any CPU
		{68EDB193-9B9D-4C75-8852-1A73356C021B}.Debug|Any CPU.Build.0 = Debug|Any CPU
		{68EDB193-9B9D-4C75-8852-1A73356C021B}.Release|Any CPU.ActiveCfg = Release|Any CPU
		{68EDB193-9B9D-4C75-8852-1A73356C021B}.Release|Any CPU.Build.0 = Release|Any CPU
		{C178D447-E6C3-483B-9DC1-AEAA45FBFED4}.Debug|Any CPU.ActiveCfg = Debug|Any CPU
		{C178D447-E6C3-483B-9DC1-AEAA45FBFED4}.Debug|Any CPU.Build.0 = Debug|Any CPU
		{C178D447-E6C3-483B-9DC1-AEAA45FBFED4}.Release|Any CPU.ActiveCfg = Release|Any CPU
		{C178D447-E6C3-483B-9DC1-AEAA45FBFED4}.Release|Any CPU.Build.0 = Release|Any CPU
		{C1E6202B-CC8F-42B0-A6A5-01AE4DF625C1}.Debug|Any CPU.ActiveCfg = Debug|Any CPU
		{C1E6202B-CC8F-42B0-A6A5-01AE4DF625C1}.Debug|Any CPU.Build.0 = Debug|Any CPU
		{C1E6202B-CC8F-42B0-A6A5-01AE4DF625C1}.Release|Any CPU.ActiveCfg = Release|Any CPU
		{C1E6202B-CC8F-42B0-A6A5-01AE4DF625C1}.Release|Any CPU.Build.0 = Release|Any CPU
		{D5DA20BF-130C-4352-97FE-A56F78C1FC24}.Debug|Any CPU.ActiveCfg = Debug|Any CPU
		{D5DA20BF-130C-4352-97FE-A56F78C1FC24}.Debug|Any CPU.Build.0 = Debug|Any CPU
		{D5DA20BF-130C-4352-97FE-A56F78C1FC24}.Release|Any CPU.ActiveCfg = Release|Any CPU
		{D5DA20BF-130C-4352-97FE-A56F78C1FC24}.Release|Any CPU.Build.0 = Release|Any CPU
		{9D637553-7BB3-47DC-9704-150DB777B200}.Debug|Any CPU.ActiveCfg = Debug|Any CPU
		{9D637553-7BB3-47DC-9704-150DB777B200}.Debug|Any CPU.Build.0 = Debug|Any CPU
		{9D637553-7BB3-47DC-9704-150DB777B200}.Release|Any CPU.ActiveCfg = Release|Any CPU
		{9D637553-7BB3-47DC-9704-150DB777B200}.Release|Any CPU.Build.0 = Release|Any CPU
		{5DD3A70A-D489-4DE0-B974-CE4566F4AD4A}.Debug|Any CPU.ActiveCfg = Debug|Any CPU
		{5DD3A70A-D489-4DE0-B974-CE4566F4AD4A}.Debug|Any CPU.Build.0 = Debug|Any CPU
		{5DD3A70A-D489-4DE0-B974-CE4566F4AD4A}.Release|Any CPU.ActiveCfg = Release|Any CPU
		{5DD3A70A-D489-4DE0-B974-CE4566F4AD4A}.Release|Any CPU.Build.0 = Release|Any CPU
		{67C41A7E-B853-4AD8-96E2-91CFBA8252C9}.Debug|Any CPU.ActiveCfg = Debug|Any CPU
		{67C41A7E-B853-4AD8-96E2-91CFBA8252C9}.Debug|Any CPU.Build.0 = Debug|Any CPU
		{67C41A7E-B853-4AD8-96E2-91CFBA8252C9}.Release|Any CPU.ActiveCfg = Release|Any CPU
		{67C41A7E-B853-4AD8-96E2-91CFBA8252C9}.Release|Any CPU.Build.0 = Release|Any CPU
		{44847627-0BB8-46FE-95AF-00D1959C9112}.Debug|Any CPU.ActiveCfg = Debug|Any CPU
		{44847627-0BB8-46FE-95AF-00D1959C9112}.Debug|Any CPU.Build.0 = Debug|Any CPU
		{44847627-0BB8-46FE-95AF-00D1959C9112}.Release|Any CPU.ActiveCfg = Release|Any CPU
		{44847627-0BB8-46FE-95AF-00D1959C9112}.Release|Any CPU.Build.0 = Release|Any CPU
		{03AB0E18-CE9F-4FC1-A80F-C69206CC0103}.Debug|Any CPU.ActiveCfg = Debug|Any CPU
		{03AB0E18-CE9F-4FC1-A80F-C69206CC0103}.Debug|Any CPU.Build.0 = Debug|Any CPU
		{03AB0E18-CE9F-4FC1-A80F-C69206CC0103}.Release|Any CPU.ActiveCfg = Release|Any CPU
		{03AB0E18-CE9F-4FC1-A80F-C69206CC0103}.Release|Any CPU.Build.0 = Release|Any CPU
		{FE8CB270-F23B-44A1-9126-2BA9C06681BD}.Debug|Any CPU.ActiveCfg = Debug|Any CPU
		{FE8CB270-F23B-44A1-9126-2BA9C06681BD}.Debug|Any CPU.Build.0 = Debug|Any CPU
		{FE8CB270-F23B-44A1-9126-2BA9C06681BD}.Release|Any CPU.ActiveCfg = Release|Any CPU
		{FE8CB270-F23B-44A1-9126-2BA9C06681BD}.Release|Any CPU.Build.0 = Release|Any CPU
	EndGlobalSection
	GlobalSection(SolutionProperties) = preSolution
		HideSolutionNode = FALSE
	EndGlobalSection
	GlobalSection(NestedProjects) = preSolution
		{02394089-A77A-4B61-9B74-A5E0A11C1153} = {5A5D5546-007D-422F-B264-FC4A8B8B8C6F}
		{3974F435-70CA-446E-9424-147C2E4EC391} = {5A5D5546-007D-422F-B264-FC4A8B8B8C6F}
		{2A91AC1E-D1EB-49BA-9A95-656D1A580B5D} = {5A5D5546-007D-422F-B264-FC4A8B8B8C6F}
		{93D36955-AF0D-4415-BBC4-61A71F057527} = {1407B7CE-25D7-4089-A9DF-47E2042BB9CC}
		{CDAC4A07-C277-4BDB-95FF-944AD3C64831} = {1407B7CE-25D7-4089-A9DF-47E2042BB9CC}
		{68EDB193-9B9D-4C75-8852-1A73356C021B} = {1407B7CE-25D7-4089-A9DF-47E2042BB9CC}
		{C178D447-E6C3-483B-9DC1-AEAA45FBFED4} = {D73EE1D0-5253-4309-9C77-0F0897DE7511}
		{C1E6202B-CC8F-42B0-A6A5-01AE4DF625C1} = {D73EE1D0-5253-4309-9C77-0F0897DE7511}
		{D5DA20BF-130C-4352-97FE-A56F78C1FC24} = {D73EE1D0-5253-4309-9C77-0F0897DE7511}
		{9D637553-7BB3-47DC-9704-150DB777B200} = {7BEA151A-A3B8-40D0-8FE5-C518D37D9AD4}
		{5DD3A70A-D489-4DE0-B974-CE4566F4AD4A} = {7BEA151A-A3B8-40D0-8FE5-C518D37D9AD4}
		{67C41A7E-B853-4AD8-96E2-91CFBA8252C9} = {7BEA151A-A3B8-40D0-8FE5-C518D37D9AD4}
		{44847627-0BB8-46FE-95AF-00D1959C9112} = {EFCF9111-B48C-4EA4-992F-17F627656C16}
		{03AB0E18-CE9F-4FC1-A80F-C69206CC0103} = {EFCF9111-B48C-4EA4-992F-17F627656C16}
		{FE8CB270-F23B-44A1-9126-2BA9C06681BD} = {EFCF9111-B48C-4EA4-992F-17F627656C16}
	EndGlobalSection
	GlobalSection(ExtensibilityGlobals) = postSolution
		SolutionGuid = {6CFDCFD1-1D71-4CF4-AFA2-883DC891F215}
	EndGlobalSection
EndGlobal
